// !$*UTF8*$!
{
	archiveVersion = 1;
	classes = {
	};
	objectVersion = 55;
	objects = {

/* Begin PBXBuildFile section */
		DC5B5B8E268F3D3A007903F7 /* vector.cpp in Sources */ = {isa = PBXBuildFile; fileRef = DC5B5B8C268F3D3A007903F7 /* vector.cpp */; };
		DC668ED2268A281600CCE1ED /* main.cpp in Sources */ = {isa = PBXBuildFile; fileRef = DC668ED1268A281600CCE1ED /* main.cpp */; };
		DC668EE3268A28E700CCE1ED /* planet.cpp in Sources */ = {isa = PBXBuildFile; fileRef = DC668EE1268A28E700CCE1ED /* planet.cpp */; };
		DC668EE6268A28F200CCE1ED /* quadtree.cpp in Sources */ = {isa = PBXBuildFile; fileRef = DC668EE4268A28F200CCE1ED /* quadtree.cpp */; };
		DC668EE9268A290000CCE1ED /* rectangle.cpp in Sources */ = {isa = PBXBuildFile; fileRef = DC668EE7268A290000CCE1ED /* rectangle.cpp */; };
		DC668EEC268A291300CCE1ED /* utils.cpp in Sources */ = {isa = PBXBuildFile; fileRef = DC668EEA268A291300CCE1ED /* utils.cpp */; };
		DC668EEF268A291E00CCE1ED /* galaxy.cpp in Sources */ = {isa = PBXBuildFile; fileRef = DC668EED268A291E00CCE1ED /* galaxy.cpp */; };
/* End PBXBuildFile section */

/* Begin PBXFileReference section */
		DC5B5B8C268F3D3A007903F7 /* vector.cpp */ = {isa = PBXFileReference; lastKnownFileType = sourcecode.cpp.cpp; path = vector.cpp; sourceTree = "<group>"; };
		DC5B5B8D268F3D3A007903F7 /* vector.hpp */ = {isa = PBXFileReference; lastKnownFileType = sourcecode.cpp.h; path = vector.hpp; sourceTree = "<group>"; };
		DC668EC9268A281600CCE1ED /* BarnesGalaxySimulation.app */ = {isa = PBXFileReference; explicitFileType = wrapper.application; includeInIndex = 0; path = BarnesGalaxySimulation.app; sourceTree = BUILT_PRODUCTS_DIR; };
		DC668ED1268A281600CCE1ED /* main.cpp */ = {isa = PBXFileReference; lastKnownFileType = sourcecode.cpp.cpp; path = main.cpp; sourceTree = "<group>"; };
		DC668EE1268A28E700CCE1ED /* planet.cpp */ = {isa = PBXFileReference; lastKnownFileType = sourcecode.cpp.cpp; path = planet.cpp; sourceTree = "<group>"; };
		DC668EE2268A28E700CCE1ED /* planet.hpp */ = {isa = PBXFileReference; lastKnownFileType = sourcecode.cpp.h; path = planet.hpp; sourceTree = "<group>"; };
		DC668EE4268A28F200CCE1ED /* quadtree.cpp */ = {isa = PBXFileReference; lastKnownFileType = sourcecode.cpp.cpp; path = quadtree.cpp; sourceTree = "<group>"; };
		DC668EE5268A28F200CCE1ED /* quadtree.hpp */ = {isa = PBXFileReference; lastKnownFileType = sourcecode.cpp.h; path = quadtree.hpp; sourceTree = "<group>"; };
		DC668EE7268A290000CCE1ED /* rectangle.cpp */ = {isa = PBXFileReference; lastKnownFileType = sourcecode.cpp.cpp; path = rectangle.cpp; sourceTree = "<group>"; };
		DC668EE8268A290000CCE1ED /* rectangle.hpp */ = {isa = PBXFileReference; lastKnownFileType = sourcecode.cpp.h; path = rectangle.hpp; sourceTree = "<group>"; };
		DC668EEA268A291300CCE1ED /* utils.cpp */ = {isa = PBXFileReference; lastKnownFileType = sourcecode.cpp.cpp; path = utils.cpp; sourceTree = "<group>"; };
		DC668EEB268A291300CCE1ED /* utils.hpp */ = {isa = PBXFileReference; lastKnownFileType = sourcecode.cpp.h; path = utils.hpp; sourceTree = "<group>"; };
		DC668EED268A291E00CCE1ED /* galaxy.cpp */ = {isa = PBXFileReference; lastKnownFileType = sourcecode.cpp.cpp; path = galaxy.cpp; sourceTree = "<group>"; };
		DC668EEE268A291E00CCE1ED /* galaxy.hpp */ = {isa = PBXFileReference; lastKnownFileType = sourcecode.cpp.h; path = galaxy.hpp; sourceTree = "<group>"; };
/* End PBXFileReference section */

/* Begin PBXFrameworksBuildPhase section */
		DC668EC5268A281600CCE1ED /* Frameworks */ = {
			isa = PBXFrameworksBuildPhase;
			buildActionMask = 2147483647;
			files = (
			);
			runOnlyForDeploymentPostprocessing = 0;
		};
/* End PBXFrameworksBuildPhase section */

/* Begin PBXGroup section */
		DC5B5B8B268F3D25007903F7 /* vector */ = {
			isa = PBXGroup;
			children = (
				DC5B5B8C268F3D3A007903F7 /* vector.cpp */,
				DC5B5B8D268F3D3A007903F7 /* vector.hpp */,
			);
			path = vector;
			sourceTree = "<group>";
		};
		DC5B5B8F268F433F007903F7 /* rectangle */ = {
			isa = PBXGroup;
			children = (
				DC668EE8268A290000CCE1ED /* rectangle.hpp */,
				DC668EE7268A290000CCE1ED /* rectangle.cpp */,
			);
			path = rectangle;
			sourceTree = "<group>";
		};
		DC5B5B90268F43A2007903F7 /* planet */ = {
			isa = PBXGroup;
			children = (
				DC668EE1268A28E700CCE1ED /* planet.cpp */,
				DC668EE2268A28E700CCE1ED /* planet.hpp */,
			);
			path = planet;
			sourceTree = "<group>";
		};
		DC5B5B91268F43AB007903F7 /* utils */ = {
			isa = PBXGroup;
			children = (
				DC668EEA268A291300CCE1ED /* utils.cpp */,
				DC668EEB268A291300CCE1ED /* utils.hpp */,
			);
			path = utils;
			sourceTree = "<group>";
		};
		DC5B5B92268F43B4007903F7 /* galaxy */ = {
			isa = PBXGroup;
			children = (
				DC668EED268A291E00CCE1ED /* galaxy.cpp */,
				DC668EEE268A291E00CCE1ED /* galaxy.hpp */,
			);
			path = galaxy;
			sourceTree = "<group>";
		};
		DC5B5B93268F43BB007903F7 /* quadtree */ = {
			isa = PBXGroup;
			children = (
				DC668EE4268A28F200CCE1ED /* quadtree.cpp */,
				DC668EE5268A28F200CCE1ED /* quadtree.hpp */,
			);
			path = quadtree;
			sourceTree = "<group>";
		};
		DC668EBF268A281600CCE1ED = {
			isa = PBXGroup;
			children = (
				DC668ECB268A281600CCE1ED /* BarnesGalaxySimulation */,
				DC668ECA268A281600CCE1ED /* Products */,
			);
			sourceTree = "<group>";
		};
		DC668ECA268A281600CCE1ED /* Products */ = {
			isa = PBXGroup;
			children = (
				DC668EC9268A281600CCE1ED /* BarnesGalaxySimulation.app */,
			);
			name = Products;
			sourceTree = "<group>";
		};
		DC668ECB268A281600CCE1ED /* BarnesGalaxySimulation */ = {
			isa = PBXGroup;
			children = (
				DC5B5B93268F43BB007903F7 /* quadtree */,
				DC5B5B92268F43B4007903F7 /* galaxy */,
				DC5B5B91268F43AB007903F7 /* utils */,
				DC5B5B90268F43A2007903F7 /* planet */,
				DC5B5B8F268F433F007903F7 /* rectangle */,
				DC5B5B8B268F3D25007903F7 /* vector */,
				DC668ED1268A281600CCE1ED /* main.cpp */,
			);
			path = BarnesGalaxySimulation;
			sourceTree = "<group>";
		};
/* End PBXGroup section */

/* Begin PBXNativeTarget section */
		DC668EC8268A281600CCE1ED /* BarnesGalaxySimulation */ = {
			isa = PBXNativeTarget;
			buildConfigurationList = DC668EDE268A281600CCE1ED /* Build configuration list for PBXNativeTarget "BarnesGalaxySimulation" */;
			buildPhases = (
				DC668EC4268A281600CCE1ED /* Sources */,
				DC668EC5268A281600CCE1ED /* Frameworks */,
				DC668EC6268A281600CCE1ED /* Resources */,
				DC668EC7268A281600CCE1ED /* ShellScript */,
			);
			buildRules = (
			);
			dependencies = (
			);
			name = BarnesGalaxySimulation;
			productName = BarnesGalaxySimulation;
			productReference = DC668EC9268A281600CCE1ED /* BarnesGalaxySimulation.app */;
			productType = "com.apple.product-type.application";
		};
/* End PBXNativeTarget section */

/* Begin PBXProject section */
		DC668EC0268A281600CCE1ED /* Project object */ = {
			isa = PBXProject;
			attributes = {
				BuildIndependentTargetsInParallel = 1;
				LastUpgradeCheck = 1300;
				ORGANIZATIONNAME = "Noé";
				TargetAttributes = {
					DC668EC8268A281600CCE1ED = {
						CreatedOnToolsVersion = 13.0;
					};
				};
			};
			buildConfigurationList = DC668EC3268A281600CCE1ED /* Build configuration list for PBXProject "BarnesGalaxySimulation" */;
			compatibilityVersion = "Xcode 13.0";
			developmentRegion = en;
			hasScannedForEncodings = 0;
			knownRegions = (
				en,
				Base,
			);
			mainGroup = DC668EBF268A281600CCE1ED;
			productRefGroup = DC668ECA268A281600CCE1ED /* Products */;
			projectDirPath = "";
			projectRoot = "";
			targets = (
				DC668EC8268A281600CCE1ED /* BarnesGalaxySimulation */,
			);
		};
/* End PBXProject section */

/* Begin PBXResourcesBuildPhase section */
		DC668EC6268A281600CCE1ED /* Resources */ = {
			isa = PBXResourcesBuildPhase;
			buildActionMask = 2147483647;
			files = (
			);
			runOnlyForDeploymentPostprocessing = 0;
		};
/* End PBXResourcesBuildPhase section */

/* Begin PBXShellScriptBuildPhase section */
		DC668EC7268A281600CCE1ED /* ShellScript */ = {
			isa = PBXShellScriptBuildPhase;
			buildActionMask = 8;
			files = (
			);
			inputFileListPaths = (
			);
			inputPaths = (
			);
			outputFileListPaths = (
			);
			outputPaths = (
			);
			runOnlyForDeploymentPostprocessing = 1;
			shellPath = /bin/sh;
			shellScript = "# This shell script simply copies required SFML dylibs/frameworks into the application bundle frameworks folder.\n# If you're using static libraries (which is not recommended) you should remove this script from your project.\n\n# SETTINGS\nSFML_DEPENDENCIES_INSTALL_PREFIX=\"/Users/SFML/Desktop/packaging/tmp/install/Library/Frameworks\"\nCMAKE_INSTALL_FRAMEWORK_PREFIX=\"/Users/SFML/Desktop/packaging/tmp/install/Library/Frameworks\"\nCMAKE_INSTALL_LIB_PREFIX=\"/Users/SFML/Desktop/packaging/tmp/install/Library/Frameworks/lib\"\nFRAMEWORKS_FULL_PATH=\"$BUILT_PRODUCTS_DIR/$FRAMEWORKS_FOLDER_PATH/\"\n\n# Are we building a project that uses frameworks or dylibs?\ncase \"$SFML_BINARY_TYPE\" in\n    DYLIBS)\n        frameworks=\"false\"\n        ;;\n    *)\n        frameworks=\"true\"\n        ;;\nesac\n\n# Echoes to stderr\nerror () # $* message to display\n{\n    echo $* 1>&2\n    exit 2\n}\n\nassert () # $1 is a boolean, $2...N is an error message\n{\n    if [ $# -lt 2 ]\n    then\n        error \"Internal error in assert: not enough args\"\n    fi\n\n    if [ $1 -ne 0 ]\n    then\n        shift\n        error \"$*\"\n    fi\n}\n\nforce_remove () # $@ is some paths\n{\n    test $# -ge 1\n    assert $? \"force_remove() requires at least one parameter\"\n    rm -fr $@\n    assert $? \"couldn't remove $@\"\n}\n\ncopy () # $1 is a source, $2 is a destination\n{\n    test $# -eq 2\n    assert $? \"copy() requires two parameters\"\n    ditto \"$1\" \"$2\"\n    assert $? \"couldn't copy $1 to $2\"\n}\n\nrequire () # $1 is a SFML module like 'system' or 'audio'\n{\n    dest=\"$BUILT_PRODUCTS_DIR/$FRAMEWORKS_FOLDER_PATH/\"\n\n    if [ -z \"$1\" ]\n    then\n        error \"require() requires one parameter!\"\n    else\n        # clean potentially old stuff\n        force_remove \"$dest/libsfml-$1\"*\n        force_remove \"$dest/sfml-$1.framework\"\n\n        # copy SFML libraries\n        if [ \"$frameworks\" = \"true\" ]\n        then\n            source=\"$CMAKE_INSTALL_FRAMEWORK_PREFIX/sfml-$1.framework\"\n            target=\"sfml-$1.framework\"\n        elif [ \"$SFML_LINK_DYLIBS_SUFFIX\" = \"-d\" ]\n        then\n            source=\"$CMAKE_INSTALL_LIB_PREFIX/libsfml-$1-d.dylib\"\n            target=\"`readlink $source`\"\n        else\n            source=\"$CMAKE_INSTALL_LIB_PREFIX/libsfml-$1.dylib\"\n            target=\"`readlink $source`\"\n        fi\n\n        copy \"$source\" \"$dest/$target\"\n\n        # copy extra dependencies\n        if [ \"$1\" = \"audio\" ]\n        then\n            # copy \"FLAC\" \"ogg\" \"vorbis\" \"vorbisenc\" \"vorbisfile\" \"OpenAL\" frameworks too\n            for f in \"FLAC\" \"ogg\" \"vorbis\" \"vorbisenc\" \"vorbisfile\" \"OpenAL\"\n            do\n                copy \"$SFML_DEPENDENCIES_INSTALL_PREFIX/$f.framework\" \"$dest/$f.framework\"\n            done\n        elif [ \"$1\" = \"graphics\" ]\n        then\n            copy \"$SFML_DEPENDENCIES_INSTALL_PREFIX/freetype.framework\" \"$dest/freetype.framework\"\n        fi\n    fi\n}\n\nif [ -n \"$SFML_SYSTEM\" ]\nthen\n    require \"system\"\nfi\n\nif [ -n \"$SFML_AUDIO\" ]\nthen\n    require \"audio\"\nfi\n\nif [ -n \"$SFML_NETWORK\" ]\nthen\n    require \"network\"\nfi\n\nif [ -n \"$SFML_WINDOW\" ]\nthen\n    require \"window\"\nfi\n\nif [ -n \"$SFML_GRAPHICS\" ]\nthen\n    require \"graphics\"\nfi\n\n                \n";
		};
/* End PBXShellScriptBuildPhase section */

/* Begin PBXSourcesBuildPhase section */
		DC668EC4268A281600CCE1ED /* Sources */ = {
			isa = PBXSourcesBuildPhase;
			buildActionMask = 2147483647;
			files = (
				DC668ED2268A281600CCE1ED /* main.cpp in Sources */,
				DC668EEF268A291E00CCE1ED /* galaxy.cpp in Sources */,
				DC668EEC268A291300CCE1ED /* utils.cpp in Sources */,
				DC668EE6268A28F200CCE1ED /* quadtree.cpp in Sources */,
				DC668EE3268A28E700CCE1ED /* planet.cpp in Sources */,
				DC668EE9268A290000CCE1ED /* rectangle.cpp in Sources */,
				DC5B5B8E268F3D3A007903F7 /* vector.cpp in Sources */,
			);
			runOnlyForDeploymentPostprocessing = 0;
		};
/* End PBXSourcesBuildPhase section */

/* Begin XCBuildConfiguration section */
		DC668EDC268A281600CCE1ED /* Debug */ = {
			isa = XCBuildConfiguration;
			buildSettings = {
				ARCHS = "$(NATIVE_ARCH_ACTUAL)";
				CLANG_CXX_LANGUAGE_STANDARD = "c++11";
				CLANG_CXX_LIBRARY = "libc++";
				FRAMEWORK_SEARCH_PATHS = (
					/Library/Frameworks/,
					"$(inherited)",
				);
				GCC_VERSION = com.apple.compilers.llvm.clang.1_0;
				HEADER_SEARCH_PATHS = (
					/usr/local/include/,
					"$(inherited)",
				);
				LIBRARY_SEARCH_PATHS = (
					/usr/local/lib/,
					"$(inherited)",
				);
				MACOSX_DEPLOYMENT_TARGET = 10.7;
				OTHER_LDFLAGS = (
					"$(inherited)",
					"$(SFML_SYSTEM)",
					"$(SFML_WINDOW)",
					"$(SFML_GRAPHICS)",
					"$(SFML_AUDIO)",
					"$(SFML_NETWORK)",
				);
				SFML_AUDIO = "$(SFML_LINK_PREFIX) sfml-audio$(SFML_LINK_SUFFIX)";
				SFML_BINARY_TYPE = FRAMEWORKS;
				SFML_GRAPHICS = "$(SFML_LINK_PREFIX) sfml-graphics$(SFML_LINK_SUFFIX)";
				SFML_LINK_DYLIBS_PREFIX = "-l";
				SFML_LINK_DYLIBS_SUFFIX = "";
				SFML_LINK_FRAMEWORKS_PREFIX = "-framework";
				SFML_LINK_FRAMEWORKS_SUFFIX = "";
				SFML_LINK_PREFIX = "$(SFML_LINK_$(SFML_BINARY_TYPE)_PREFIX)";
				SFML_LINK_SUFFIX = "$(SFML_LINK_$(SFML_BINARY_TYPE)_SUFFIX)";
				SFML_NETWORK = "";
				SFML_SYSTEM = "$(SFML_LINK_PREFIX) sfml-system$(SFML_LINK_SUFFIX)";
				SFML_WINDOW = "$(SFML_LINK_PREFIX) sfml-window$(SFML_LINK_SUFFIX)";
				SUPPORTED_PLATFORMS = macosx;
			};
			name = Debug;
		};
		DC668EDD268A281600CCE1ED /* Release */ = {
			isa = XCBuildConfiguration;
			buildSettings = {
				ARCHS = "$(NATIVE_ARCH_ACTUAL)";
				CLANG_CXX_LANGUAGE_STANDARD = "c++11";
				CLANG_CXX_LIBRARY = "libc++";
				FRAMEWORK_SEARCH_PATHS = (
					/Library/Frameworks/,
					"$(inherited)",
				);
				GCC_VERSION = com.apple.compilers.llvm.clang.1_0;
				HEADER_SEARCH_PATHS = (
					/usr/local/include/,
					"$(inherited)",
				);
				LIBRARY_SEARCH_PATHS = (
					/usr/local/lib/,
					"$(inherited)",
				);
				MACOSX_DEPLOYMENT_TARGET = 10.7;
				OTHER_LDFLAGS = (
					"$(inherited)",
					"$(SFML_SYSTEM)",
					"$(SFML_WINDOW)",
					"$(SFML_GRAPHICS)",
					"$(SFML_AUDIO)",
					"$(SFML_NETWORK)",
				);
				SFML_AUDIO = "$(SFML_LINK_PREFIX) sfml-audio$(SFML_LINK_SUFFIX)";
				SFML_BINARY_TYPE = FRAMEWORKS;
				SFML_GRAPHICS = "$(SFML_LINK_PREFIX) sfml-graphics$(SFML_LINK_SUFFIX)";
				SFML_LINK_DYLIBS_PREFIX = "-l";
				SFML_LINK_DYLIBS_SUFFIX = "";
				SFML_LINK_FRAMEWORKS_PREFIX = "-framework";
				SFML_LINK_FRAMEWORKS_SUFFIX = "";
				SFML_LINK_PREFIX = "$(SFML_LINK_$(SFML_BINARY_TYPE)_PREFIX)";
				SFML_LINK_SUFFIX = "$(SFML_LINK_$(SFML_BINARY_TYPE)_SUFFIX)";
				SFML_NETWORK = "";
				SFML_SYSTEM = "$(SFML_LINK_PREFIX) sfml-system$(SFML_LINK_SUFFIX)";
				SFML_WINDOW = "$(SFML_LINK_PREFIX) sfml-window$(SFML_LINK_SUFFIX)";
				SUPPORTED_PLATFORMS = macosx;
			};
			name = Release;
		};
		DC668EDF268A281600CCE1ED /* Debug */ = {
			isa = XCBuildConfiguration;
			buildSettings = {
				ALWAYS_SEARCH_USER_PATHS = NO;
				ARCHS = "$(ARCHS_STANDARD)";
				CODE_SIGN_STYLE = Automatic;
				EXCLUDED_ARCHS = arm64;
				INFOPLIST_FILE = "BarnesGalaxySimulation/BarnesGalaxySimulation-Info.plist";
				LD_RUNPATH_SEARCH_PATHS = "@loader_path/../Frameworks";
				MACOSX_DEPLOYMENT_TARGET = 12.0;
				PRODUCT_BUNDLE_IDENTIFIER = noe.vernier.BarnesGalaxySimulation;
				PRODUCT_NAME = "$(TARGET_NAME)";
			};
			name = Debug;
		};
		DC668EE0268A281600CCE1ED /* Release */ = {
			isa = XCBuildConfiguration;
			buildSettings = {
				ALWAYS_SEARCH_USER_PATHS = NO;
				ARCHS = "$(ARCHS_STANDARD)";
				CODE_SIGN_STYLE = Automatic;
				EXCLUDED_ARCHS = arm64;
				INFOPLIST_FILE = "BarnesGalaxySimulation/BarnesGalaxySimulation-Info.plist";
				LD_RUNPATH_SEARCH_PATHS = "@loader_path/../Frameworks";
				MACOSX_DEPLOYMENT_TARGET = 12.0;
				PRODUCT_BUNDLE_IDENTIFIER = noe.vernier.BarnesGalaxySimulation;
				PRODUCT_NAME = "$(TARGET_NAME)";
			};
			name = Release;
		};
/* End XCBuildConfiguration section */

/* Begin XCConfigurationList section */
		DC668EC3268A281600CCE1ED /* Build configuration list for PBXProject "BarnesGalaxySimulation" */ = {
			isa = XCConfigurationList;
			buildConfigurations = (
				DC668EDC268A281600CCE1ED /* Debug */,
				DC668EDD268A281600CCE1ED /* Release */,
			);
			defaultConfigurationIsVisible = 0;
			defaultConfigurationName = Release;
		};
		DC668EDE268A281600CCE1ED /* Build configuration list for PBXNativeTarget "BarnesGalaxySimulation" */ = {
			isa = XCConfigurationList;
			buildConfigurations = (
				DC668EDF268A281600CCE1ED /* Debug */,
				DC668EE0268A281600CCE1ED /* Release */,
			);
			defaultConfigurationIsVisible = 0;
			defaultConfigurationName = Release;
		};
/* End XCConfigurationList section */
	};
	rootObject = DC668EC0268A281600CCE1ED /* Project object */;
}
